// !$*UTF8*$!
{
	archiveVersion = 1;
	classes = {
	};
	objectVersion = 46;
	objects = {

/* Begin PBXBuildFile section */
		F712007B1DDE2FC800923CB1 /* AppDelegate.swift in Sources */ = {isa = PBXBuildFile; fileRef = F712007A1DDE2FC800923CB1 /* AppDelegate.swift */; };
		F71200801DDE2FC800923CB1 /* Main.storyboard in Resources */ = {isa = PBXBuildFile; fileRef = F712007E1DDE2FC800923CB1 /* Main.storyboard */; };
		F71200821DDE2FC800923CB1 /* Assets.xcassets in Resources */ = {isa = PBXBuildFile; fileRef = F71200811DDE2FC800923CB1 /* Assets.xcassets */; };
		F71200851DDE2FC800923CB1 /* LaunchScreen.storyboard in Resources */ = {isa = PBXBuildFile; fileRef = F71200831DDE2FC800923CB1 /* LaunchScreen.storyboard */; };
		F71200901DDE2FC800923CB1 /* TacoPOPTests.swift in Sources */ = {isa = PBXBuildFile; fileRef = F712008F1DDE2FC800923CB1 /* TacoPOPTests.swift */; };
		F71200A11DDE31A400923CB1 /* MainVC.swift in Sources */ = {isa = PBXBuildFile; fileRef = F71200A01DDE31A400923CB1 /* MainVC.swift */; };
		F71200A31DDE334500923CB1 /* DropShadow.swift in Sources */ = {isa = PBXBuildFile; fileRef = F71200A21DDE334500923CB1 /* DropShadow.swift */; };
		F71200A51DDE340200923CB1 /* HeaderView.swift in Sources */ = {isa = PBXBuildFile; fileRef = F71200A41DDE340200923CB1 /* HeaderView.swift */; };
		F71200A71DDE36F700923CB1 /* Taco.swift in Sources */ = {isa = PBXBuildFile; fileRef = F71200A61DDE36F700923CB1 /* Taco.swift */; };
		F71200A91DDE5FD100923CB1 /* DataService.swift in Sources */ = {isa = PBXBuildFile; fileRef = F71200A81DDE5FD100923CB1 /* DataService.swift */; };
		F71200AC1DDE63AA00923CB1 /* TacoCell.swift in Sources */ = {isa = PBXBuildFile; fileRef = F71200AA1DDE63AA00923CB1 /* TacoCell.swift */; };
		F71200AD1DDE63AA00923CB1 /* TacoCell.xib in Resources */ = {isa = PBXBuildFile; fileRef = F71200AB1DDE63AA00923CB1 /* TacoCell.xib */; };
		F71200AF1DDE690800923CB1 /* ReusableView.swift in Sources */ = {isa = PBXBuildFile; fileRef = F71200AE1DDE690800923CB1 /* ReusableView.swift */; };
		F71200B11DDE699000923CB1 /* NibLoadableView.swift in Sources */ = {isa = PBXBuildFile; fileRef = F71200B01DDE699000923CB1 /* NibLoadableView.swift */; };
		F71200B31DDE6A0A00923CB1 /* UICollectionView+Ext.swift in Sources */ = {isa = PBXBuildFile; fileRef = F71200B21DDE6A0A00923CB1 /* UICollectionView+Ext.swift */; };
/* End PBXBuildFile section */

/* Begin PBXContainerItemProxy section */
		F712008C1DDE2FC800923CB1 /* PBXContainerItemProxy */ = {
			isa = PBXContainerItemProxy;
			containerPortal = F712006F1DDE2FC800923CB1 /* Project object */;
			proxyType = 1;
			remoteGlobalIDString = F71200761DDE2FC800923CB1;
			remoteInfo = TacoPOP;
		};
/* End PBXContainerItemProxy section */

/* Begin PBXFileReference section */
		F71200771DDE2FC800923CB1 /* TacoPOP.app */ = {isa = PBXFileReference; explicitFileType = wrapper.application; includeInIndex = 0; path = TacoPOP.app; sourceTree = BUILT_PRODUCTS_DIR; };
		F712007A1DDE2FC800923CB1 /* AppDelegate.swift */ = {isa = PBXFileReference; lastKnownFileType = sourcecode.swift; path = AppDelegate.swift; sourceTree = "<group>"; };
		F712007F1DDE2FC800923CB1 /* Base */ = {isa = PBXFileReference; lastKnownFileType = file.storyboard; name = Base; path = Base.lproj/Main.storyboard; sourceTree = "<group>"; };
		F71200811DDE2FC800923CB1 /* Assets.xcassets */ = {isa = PBXFileReference; lastKnownFileType = folder.assetcatalog; path = Assets.xcassets; sourceTree = "<group>"; };
		F71200841DDE2FC800923CB1 /* Base */ = {isa = PBXFileReference; lastKnownFileType = file.storyboard; name = Base; path = Base.lproj/LaunchScreen.storyboard; sourceTree = "<group>"; };
		F71200861DDE2FC800923CB1 /* Info.plist */ = {isa = PBXFileReference; lastKnownFileType = text.plist.xml; path = Info.plist; sourceTree = "<group>"; };
		F712008B1DDE2FC800923CB1 /* TacoPOPTests.xctest */ = {isa = PBXFileReference; explicitFileType = wrapper.cfbundle; includeInIndex = 0; path = TacoPOPTests.xctest; sourceTree = BUILT_PRODUCTS_DIR; };
		F712008F1DDE2FC800923CB1 /* TacoPOPTests.swift */ = {isa = PBXFileReference; lastKnownFileType = sourcecode.swift; path = TacoPOPTests.swift; sourceTree = "<group>"; };
		F71200911DDE2FC800923CB1 /* Info.plist */ = {isa = PBXFileReference; lastKnownFileType = text.plist.xml; path = Info.plist; sourceTree = "<group>"; };
		F71200A01DDE31A400923CB1 /* MainVC.swift */ = {isa = PBXFileReference; fileEncoding = 4; lastKnownFileType = sourcecode.swift; path = MainVC.swift; sourceTree = "<group>"; };
		F71200A21DDE334500923CB1 /* DropShadow.swift */ = {isa = PBXFileReference; fileEncoding = 4; lastKnownFileType = sourcecode.swift; path = DropShadow.swift; sourceTree = "<group>"; };
		F71200A41DDE340200923CB1 /* HeaderView.swift */ = {isa = PBXFileReference; fileEncoding = 4; lastKnownFileType = sourcecode.swift; path = HeaderView.swift; sourceTree = "<group>"; };
		F71200A61DDE36F700923CB1 /* Taco.swift */ = {isa = PBXFileReference; fileEncoding = 4; lastKnownFileType = sourcecode.swift; path = Taco.swift; sourceTree = "<group>"; };
		F71200A81DDE5FD100923CB1 /* DataService.swift */ = {isa = PBXFileReference; fileEncoding = 4; lastKnownFileType = sourcecode.swift; path = DataService.swift; sourceTree = "<group>"; };
		F71200AA1DDE63AA00923CB1 /* TacoCell.swift */ = {isa = PBXFileReference; fileEncoding = 4; lastKnownFileType = sourcecode.swift; path = TacoCell.swift; sourceTree = "<group>"; };
		F71200AB1DDE63AA00923CB1 /* TacoCell.xib */ = {isa = PBXFileReference; fileEncoding = 4; lastKnownFileType = file.xib; path = TacoCell.xib; sourceTree = "<group>"; };
		F71200AE1DDE690800923CB1 /* ReusableView.swift */ = {isa = PBXFileReference; fileEncoding = 4; lastKnownFileType = sourcecode.swift; path = ReusableView.swift; sourceTree = "<group>"; };
		F71200B01DDE699000923CB1 /* NibLoadableView.swift */ = {isa = PBXFileReference; fileEncoding = 4; lastKnownFileType = sourcecode.swift; path = NibLoadableView.swift; sourceTree = "<group>"; };
		F71200B21DDE6A0A00923CB1 /* UICollectionView+Ext.swift */ = {isa = PBXFileReference; fileEncoding = 4; lastKnownFileType = sourcecode.swift; path = "UICollectionView+Ext.swift"; sourceTree = "<group>"; };
/* End PBXFileReference section */

/* Begin PBXFrameworksBuildPhase section */
		F71200741DDE2FC800923CB1 /* Frameworks */ = {
			isa = PBXFrameworksBuildPhase;
			buildActionMask = 2147483647;
			files = (
			);
			runOnlyForDeploymentPostprocessing = 0;
		};
		F71200881DDE2FC800923CB1 /* Frameworks */ = {
			isa = PBXFrameworksBuildPhase;
			buildActionMask = 2147483647;
			files = (
			);
			runOnlyForDeploymentPostprocessing = 0;
		};
/* End PBXFrameworksBuildPhase section */

/* Begin PBXGroup section */
		F712006E1DDE2FC800923CB1 = {
			isa = PBXGroup;
			children = (
				F71200791DDE2FC800923CB1 /* TacoPOP */,
				F712008E1DDE2FC800923CB1 /* TacoPOPTests */,
				F71200781DDE2FC800923CB1 /* Products */,
			);
			sourceTree = "<group>";
		};
		F71200781DDE2FC800923CB1 /* Products */ = {
			isa = PBXGroup;
			children = (
				F71200771DDE2FC800923CB1 /* TacoPOP.app */,
				F712008B1DDE2FC800923CB1 /* TacoPOPTests.xctest */,
			);
			name = Products;
			sourceTree = "<group>";
		};
		F71200791DDE2FC800923CB1 /* TacoPOP */ = {
			isa = PBXGroup;
			children = (
				F712009F1DDE315D00923CB1 /* Extenstions */,
				F712009E1DDE315100923CB1 /* Protocols */,
				F712009D1DDE314600923CB1 /* Resources */,
				F712009C1DDE313E00923CB1 /* Model */,
				F712009B1DDE313800923CB1 /* View */,
				F712009A1DDE313000923CB1 /* Controller */,
				F712007E1DDE2FC800923CB1 /* Main.storyboard */,
				F71200811DDE2FC800923CB1 /* Assets.xcassets */,
				F71200831DDE2FC800923CB1 /* LaunchScreen.storyboard */,
				F71200861DDE2FC800923CB1 /* Info.plist */,
			);
			path = TacoPOP;
			sourceTree = "<group>";
		};
		F712008E1DDE2FC800923CB1 /* TacoPOPTests */ = {
			isa = PBXGroup;
			children = (
				F712008F1DDE2FC800923CB1 /* TacoPOPTests.swift */,
				F71200911DDE2FC800923CB1 /* Info.plist */,
			);
			path = TacoPOPTests;
			sourceTree = "<group>";
		};
		F712009A1DDE313000923CB1 /* Controller */ = {
			isa = PBXGroup;
			children = (
				F712007A1DDE2FC800923CB1 /* AppDelegate.swift */,
				F71200A01DDE31A400923CB1 /* MainVC.swift */,
			);
			name = Controller;
			sourceTree = "<group>";
		};
		F712009B1DDE313800923CB1 /* View */ = {
			isa = PBXGroup;
			children = (
				F71200A41DDE340200923CB1 /* HeaderView.swift */,
				F71200AA1DDE63AA00923CB1 /* TacoCell.swift */,
				F71200AB1DDE63AA00923CB1 /* TacoCell.xib */,
			);
			name = View;
			sourceTree = "<group>";
		};
		F712009C1DDE313E00923CB1 /* Model */ = {
			isa = PBXGroup;
			children = (
				F71200A61DDE36F700923CB1 /* Taco.swift */,
				F71200A81DDE5FD100923CB1 /* DataService.swift */,
			);
			name = Model;
			sourceTree = "<group>";
		};
		F712009D1DDE314600923CB1 /* Resources */ = {
			isa = PBXGroup;
			children = (
			);
			name = Resources;
			sourceTree = "<group>";
		};
		F712009E1DDE315100923CB1 /* Protocols */ = {
			isa = PBXGroup;
			children = (
				F71200A21DDE334500923CB1 /* DropShadow.swift */,
				F71200AE1DDE690800923CB1 /* ReusableView.swift */,
				F71200B01DDE699000923CB1 /* NibLoadableView.swift */,
				F71200B21DDE6A0A00923CB1 /* UICollectionView+Ext.swift */,
			);
			name = Protocols;
			sourceTree = "<group>";
		};
		F712009F1DDE315D00923CB1 /* Extenstions */ = {
			isa = PBXGroup;
			children = (
			);
			name = Extenstions;
			sourceTree = "<group>";
		};
/* End PBXGroup section */

/* Begin PBXNativeTarget section */
		F71200761DDE2FC800923CB1 /* TacoPOP */ = {
			isa = PBXNativeTarget;
			buildConfigurationList = F71200941DDE2FC800923CB1 /* Build configuration list for PBXNativeTarget "TacoPOP" */;
			buildPhases = (
				F71200731DDE2FC800923CB1 /* Sources */,
				F71200741DDE2FC800923CB1 /* Frameworks */,
				F71200751DDE2FC800923CB1 /* Resources */,
			);
			buildRules = (
			);
			dependencies = (
			);
			name = TacoPOP;
			productName = TacoPOP;
			productReference = F71200771DDE2FC800923CB1 /* TacoPOP.app */;
			productType = "com.apple.product-type.application";
		};
		F712008A1DDE2FC800923CB1 /* TacoPOPTests */ = {
			isa = PBXNativeTarget;
			buildConfigurationList = F71200971DDE2FC800923CB1 /* Build configuration list for PBXNativeTarget "TacoPOPTests" */;
			buildPhases = (
				F71200871DDE2FC800923CB1 /* Sources */,
				F71200881DDE2FC800923CB1 /* Frameworks */,
				F71200891DDE2FC800923CB1 /* Resources */,
			);
			buildRules = (
			);
			dependencies = (
				F712008D1DDE2FC800923CB1 /* PBXTargetDependency */,
			);
			name = TacoPOPTests;
			productName = TacoPOPTests;
			productReference = F712008B1DDE2FC800923CB1 /* TacoPOPTests.xctest */;
			productType = "com.apple.product-type.bundle.unit-test";
		};
/* End PBXNativeTarget section */

/* Begin PBXProject section */
		F712006F1DDE2FC800923CB1 /* Project object */ = {
			isa = PBXProject;
			attributes = {
				LastSwiftUpdateCheck = 0810;
				LastUpgradeCheck = 0810;
				ORGANIZATIONNAME = Briantiumapps;
				TargetAttributes = {
					F71200761DDE2FC800923CB1 = {
						CreatedOnToolsVersion = 8.1;
						DevelopmentTeam = M6SQFZFBGP;
						ProvisioningStyle = Automatic;
					};
					F712008A1DDE2FC800923CB1 = {
						CreatedOnToolsVersion = 8.1;
						DevelopmentTeam = M6SQFZFBGP;
						ProvisioningStyle = Automatic;
						TestTargetID = F71200761DDE2FC800923CB1;
					};
				};
			};
			buildConfigurationList = F71200721DDE2FC800923CB1 /* Build configuration list for PBXProject "TacoPOP" */;
			compatibilityVersion = "Xcode 3.2";
			developmentRegion = English;
			hasScannedForEncodings = 0;
			knownRegions = (
				en,
				Base,
			);
			mainGroup = F712006E1DDE2FC800923CB1;
			productRefGroup = F71200781DDE2FC800923CB1 /* Products */;
			projectDirPath = "";
			projectRoot = "";
			targets = (
				F71200761DDE2FC800923CB1 /* TacoPOP */,
				F712008A1DDE2FC800923CB1 /* TacoPOPTests */,
			);
		};
/* End PBXProject section */

/* Begin PBXResourcesBuildPhase section */
		F71200751DDE2FC800923CB1 /* Resources */ = {
			isa = PBXResourcesBuildPhase;
			buildActionMask = 2147483647;
			files = (
				F71200AD1DDE63AA00923CB1 /* TacoCell.xib in Resources */,
				F71200851DDE2FC800923CB1 /* LaunchScreen.storyboard in Resources */,
				F71200821DDE2FC800923CB1 /* Assets.xcassets in Resources */,
				F71200801DDE2FC800923CB1 /* Main.storyboard in Resources */,
			);
			runOnlyForDeploymentPostprocessing = 0;
		};
		F71200891DDE2FC800923CB1 /* Resources */ = {
			isa = PBXResourcesBuildPhase;
			buildActionMask = 2147483647;
			files = (
			);
			runOnlyForDeploymentPostprocessing = 0;
		};
/* End PBXResourcesBuildPhase section */

/* Begin PBXSourcesBuildPhase section */
		F71200731DDE2FC800923CB1 /* Sources */ = {
			isa = PBXSourcesBuildPhase;
			buildActionMask = 2147483647;
			files = (
				F71200AC1DDE63AA00923CB1 /* TacoCell.swift in Sources */,
				F712007B1DDE2FC800923CB1 /* AppDelegate.swift in Sources */,
				F71200A31DDE334500923CB1 /* DropShadow.swift in Sources */,
				F71200B11DDE699000923CB1 /* NibLoadableView.swift in Sources */,
				F71200B31DDE6A0A00923CB1 /* UICollectionView+Ext.swift in Sources */,
				F71200AF1DDE690800923CB1 /* ReusableView.swift in Sources */,
				F71200A11DDE31A400923CB1 /* MainVC.swift in Sources */,
				F71200A91DDE5FD100923CB1 /* DataService.swift in Sources */,
				F71200A71DDE36F700923CB1 /* Taco.swift in Sources */,
				F71200A51DDE340200923CB1 /* HeaderView.swift in Sources */,
			);
			runOnlyForDeploymentPostprocessing = 0;
		};
		F71200871DDE2FC800923CB1 /* Sources */ = {
			isa = PBXSourcesBuildPhase;
			buildActionMask = 2147483647;
			files = (
				F71200901DDE2FC800923CB1 /* TacoPOPTests.swift in Sources */,
			);
			runOnlyForDeploymentPostprocessing = 0;
		};
/* End PBXSourcesBuildPhase section */

/* Begin PBXTargetDependency section */
		F712008D1DDE2FC800923CB1 /* PBXTargetDependency */ = {
			isa = PBXTargetDependency;
			target = F71200761DDE2FC800923CB1 /* TacoPOP */;
			targetProxy = F712008C1DDE2FC800923CB1 /* PBXContainerItemProxy */;
		};
/* End PBXTargetDependency section */

/* Begin PBXVariantGroup section */
		F712007E1DDE2FC800923CB1 /* Main.storyboard */ = {
			isa = PBXVariantGroup;
			children = (
				F712007F1DDE2FC800923CB1 /* Base */,
			);
			name = Main.storyboard;
			sourceTree = "<group>";
		};
		F71200831DDE2FC800923CB1 /* LaunchScreen.storyboard */ = {
			isa = PBXVariantGroup;
			children = (
				F71200841DDE2FC800923CB1 /* Base */,
			);
			name = LaunchScreen.storyboard;
			sourceTree = "<group>";
		};
/* End PBXVariantGroup section */

/* Begin XCBuildConfiguration section */
		F71200921DDE2FC800923CB1 /* Debug */ = {
			isa = XCBuildConfiguration;
			buildSettings = {
				ALWAYS_SEARCH_USER_PATHS = NO;
				CLANG_ANALYZER_NONNULL = YES;
				CLANG_CXX_LANGUAGE_STANDARD = "gnu++0x";
				CLANG_CXX_LIBRARY = "libc++";
				CLANG_ENABLE_MODULES = YES;
				CLANG_ENABLE_OBJC_ARC = YES;
				CLANG_WARN_BOOL_CONVERSION = YES;
				CLANG_WARN_CONSTANT_CONVERSION = YES;
				CLANG_WARN_DIRECT_OBJC_ISA_USAGE = YES_ERROR;
				CLANG_WARN_DOCUMENTATION_COMMENTS = YES;
				CLANG_WARN_EMPTY_BODY = YES;
				CLANG_WARN_ENUM_CONVERSION = YES;
				CLANG_WARN_INFINITE_RECURSION = YES;
				CLANG_WARN_INT_CONVERSION = YES;
				CLANG_WARN_OBJC_ROOT_CLASS = YES_ERROR;
				CLANG_WARN_SUSPICIOUS_MOVES = YES;
				CLANG_WARN_UNREACHABLE_CODE = YES;
				CLANG_WARN__DUPLICATE_METHOD_MATCH = YES;
				"CODE_SIGN_IDENTITY[sdk=iphoneos*]" = "iPhone Developer";
				COPY_PHASE_STRIP = NO;
				DEBUG_INFORMATION_FORMAT = dwarf;
				ENABLE_STRICT_OBJC_MSGSEND = YES;
				ENABLE_TESTABILITY = YES;
				GCC_C_LANGUAGE_STANDARD = gnu99;
				GCC_DYNAMIC_NO_PIC = NO;
				GCC_NO_COMMON_BLOCKS = YES;
				GCC_OPTIMIZATION_LEVEL = 0;
				GCC_PREPROCESSOR_DEFINITIONS = (
					"DEBUG=1",
					"$(inherited)",
				);
				GCC_WARN_64_TO_32_BIT_CONVERSION = YES;
				GCC_WARN_ABOUT_RETURN_TYPE = YES_ERROR;
				GCC_WARN_UNDECLARED_SELECTOR = YES;
				GCC_WARN_UNINITIALIZED_AUTOS = YES_AGGRESSIVE;
				GCC_WARN_UNUSED_FUNCTION = YES;
				GCC_WARN_UNUSED_VARIABLE = YES;
				IPHONEOS_DEPLOYMENT_TARGET = 10.1;
				MTL_ENABLE_DEBUG_INFO = YES;
				ONLY_ACTIVE_ARCH = YES;
				SDKROOT = iphoneos;
				SWIFT_ACTIVE_COMPILATION_CONDITIONS = DEBUG;
				SWIFT_OPTIMIZATION_LEVEL = "-Onone";
				TARGETED_DEVICE_FAMILY = "1,2";
			};
			name = Debug;
		};
		F71200931DDE2FC800923CB1 /* Release */ = {
			isa = XCBuildConfiguration;
			buildSettings = {
				ALWAYS_SEARCH_USER_PATHS = NO;
				CLANG_ANALYZER_NONNULL = YES;
				CLANG_CXX_LANGUAGE_STANDARD = "gnu++0x";
				CLANG_CXX_LIBRARY = "libc++";
				CLANG_ENABLE_MODULES = YES;
				CLANG_ENABLE_OBJC_ARC = YES;
				CLANG_WARN_BOOL_CONVERSION = YES;
				CLANG_WARN_CONSTANT_CONVERSION = YES;
				CLANG_WARN_DIRECT_OBJC_ISA_USAGE = YES_ERROR;
				CLANG_WARN_DOCUMENTATION_COMMENTS = YES;
				CLANG_WARN_EMPTY_BODY = YES;
				CLANG_WARN_ENUM_CONVERSION = YES;
				CLANG_WARN_INFINITE_RECURSION = YES;
				CLANG_WARN_INT_CONVERSION = YES;
				CLANG_WARN_OBJC_ROOT_CLASS = YES_ERROR;
				CLANG_WARN_SUSPICIOUS_MOVES = YES;
				CLANG_WARN_UNREACHABLE_CODE = YES;
				CLANG_WARN__DUPLICATE_METHOD_MATCH = YES;
				"CODE_SIGN_IDENTITY[sdk=iphoneos*]" = "iPhone Developer";
				COPY_PHASE_STRIP = NO;
				DEBUG_INFORMATION_FORMAT = "dwarf-with-dsym";
				ENABLE_NS_ASSERTIONS = NO;
				ENABLE_STRICT_OBJC_MSGSEND = YES;
				GCC_C_LANGUAGE_STANDARD = gnu99;
				GCC_NO_COMMON_BLOCKS = YES;
				GCC_WARN_64_TO_32_BIT_CONVERSION = YES;
				GCC_WARN_ABOUT_RETURN_TYPE = YES_ERROR;
				GCC_WARN_UNDECLARED_SELECTOR = YES;
				GCC_WARN_UNINITIALIZED_AUTOS = YES_AGGRESSIVE;
				GCC_WARN_UNUSED_FUNCTION = YES;
				GCC_WARN_UNUSED_VARIABLE = YES;
				IPHONEOS_DEPLOYMENT_TARGET = 10.1;
				MTL_ENABLE_DEBUG_INFO = NO;
				SDKROOT = iphoneos;
				SWIFT_OPTIMIZATION_LEVEL = "-Owholemodule";
				TARGETED_DEVICE_FAMILY = "1,2";
				VALIDATE_PRODUCT = YES;
			};
			name = Release;
		};
		F71200951DDE2FC800923CB1 /* Debug */ = {
			isa = XCBuildConfiguration;
			buildSettings = {
				ASSETCATALOG_COMPILER_APPICON_NAME = AppIcon;
				DEVELOPMENT_TEAM = M6SQFZFBGP;
				INFOPLIST_FILE = TacoPOP/Info.plist;
				LD_RUNPATH_SEARCH_PATHS = "$(inherited) @executable_path/Frameworks";
				PRODUCT_BUNDLE_IDENTIFIER = com.briantiumapps.TacoPOP;
				PRODUCT_NAME = "$(TARGET_NAME)";
				SWIFT_VERSION = 3.0;
			};
			name = Debug;
		};
		F71200961DDE2FC800923CB1 /* Release */ = {
			isa = XCBuildConfiguration;
			buildSettings = {
				ASSETCATALOG_COMPILER_APPICON_NAME = AppIcon;
				DEVELOPMENT_TEAM = M6SQFZFBGP;
				INFOPLIST_FILE = TacoPOP/Info.plist;
				LD_RUNPATH_SEARCH_PATHS = "$(inherited) @executable_path/Frameworks";
				PRODUCT_BUNDLE_IDENTIFIER = com.briantiumapps.TacoPOP;
				PRODUCT_NAME = "$(TARGET_NAME)";
				SWIFT_VERSION = 3.0;
			};
			name = Release;
		};
		F71200981DDE2FC800923CB1 /* Debug */ = {
			isa = XCBuildConfiguration;
			buildSettings = {
				ALWAYS_EMBED_SWIFT_STANDARD_LIBRARIES = YES;
				BUNDLE_LOADER = "$(TEST_HOST)";
				DEVELOPMENT_TEAM = M6SQFZFBGP;
				INFOPLIST_FILE = TacoPOPTests/Info.plist;
				LD_RUNPATH_SEARCH_PATHS = "$(inherited) @executable_path/Frameworks @loader_path/Frameworks";
				PRODUCT_BUNDLE_IDENTIFIER = com.briantiumapps.TacoPOPTests;
				PRODUCT_NAME = "$(TARGET_NAME)";
				SWIFT_VERSION = 3.0;
				TEST_HOST = "$(BUILT_PRODUCTS_DIR)/TacoPOP.app/TacoPOP";
			};
			name = Debug;
		};
		F71200991DDE2FC800923CB1 /* Release */ = {
			isa = XCBuildConfiguration;
			buildSettings = {
				ALWAYS_EMBED_SWIFT_STANDARD_LIBRARIES = YES;
				BUNDLE_LOADER = "$(TEST_HOST)";
				DEVELOPMENT_TEAM = M6SQFZFBGP;
				INFOPLIST_FILE = TacoPOPTests/Info.plist;
				LD_RUNPATH_SEARCH_PATHS = "$(inherited) @executable_path/Frameworks @loader_path/Frameworks";
				PRODUCT_BUNDLE_IDENTIFIER = com.briantiumapps.TacoPOPTests;
				PRODUCT_NAME = "$(TARGET_NAME)";
				SWIFT_VERSION = 3.0;
				TEST_HOST = "$(BUILT_PRODUCTS_DIR)/TacoPOP.app/TacoPOP";
			};
			name = Release;
		};
/* End XCBuildConfiguration section */

/* Begin XCConfigurationList section */
		F71200721DDE2FC800923CB1 /* Build configuration list for PBXProject "TacoPOP" */ = {
			isa = XCConfigurationList;
			buildConfigurations = (
				F71200921DDE2FC800923CB1 /* Debug */,
				F71200931DDE2FC800923CB1 /* Release */,
			);
			defaultConfigurationIsVisible = 0;
			defaultConfigurationName = Release;
		};
		F71200941DDE2FC800923CB1 /* Build configuration list for PBXNativeTarget "TacoPOP" */ = {
			isa = XCConfigurationList;
			buildConfigurations = (
				F71200951DDE2FC800923CB1 /* Debug */,
				F71200961DDE2FC800923CB1 /* Release */,
			);
			defaultConfigurationIsVisible = 0;
		};
		F71200971DDE2FC800923CB1 /* Build configuration list for PBXNativeTarget "TacoPOPTests" */ = {
			isa = XCConfigurationList;
			buildConfigurations = (
				F71200981DDE2FC800923CB1 /* Debug */,
				F71200991DDE2FC800923CB1 /* Release */,
			);
			defaultConfigurationIsVisible = 0;
		};
/* End XCConfigurationList section */
	};
	rootObject = F712006F1DDE2FC800923CB1 /* Project object */;
}
